
Microsoft Visual Studio Solution File, Format Version 12.00
# Visual Studio 15
VisualStudioVersion = 15.0.28307.271
MinimumVisualStudioVersion = 10.0.40219.1
Project("{FAE04EC0-301F-11D3-BF4B-00C04F79EFBC}") = "HelloGraphQL", "HelloGraphQL\HelloGraphQL.csproj", "{D8055DEC-987D-4BD8-B4B2-A5BF05D64803}"
EndProject
Project("{FAE04EC0-301F-11D3-BF4B-00C04F79EFBC}") = "SchemaFirst", "SchemaFirst\SchemaFirst.csproj", "{A521530F-0201-49B9-81F4-F30F9B39BA3C}"
EndProject
Project("{FAE04EC0-301F-11D3-BF4B-00C04F79EFBC}") = "GraphTypeFirst", "GraphTypeFirst\GraphTypeFirst.csproj", "{52752789-904F-4C97-A5A7-7185D93BFE51}"
EndProject
Global
	GlobalSection(SolutionConfigurationPlatforms) = preSolution
		Debug|Any CPU = Debug|Any CPU
		Release|Any CPU = Release|Any CPU
	EndGlobalSection
	GlobalSection(ProjectConfigurationPlatforms) = postSolution
		{D8055DEC-987D-4BD8-B4B2-A5BF05D64803}.Debug|Any CPU.ActiveCfg = Debug|Any CPU
		{D8055DEC-987D-4BD8-B4B2-A5BF05D64803}.Debug|Any CPU.Build.0 = Debug|Any CPU
		{D8055DEC-987D-4BD8-B4B2-A5BF05D64803}.Release|Any CPU.ActiveCfg = Release|Any CPU
		{D8055DEC-987D-4BD8-B4B2-A5BF05D64803}.Release|Any CPU.Build.0 = Release|Any CPU
		{A521530F-0201-49B9-81F4-F30F9B39BA3C}.Debug|Any CPU.ActiveCfg = Debug|Any CPU
		{A521530F-0201-49B9-81F4-F30F9B39BA3C}.Debug|Any CPU.Build.0 = Debug|Any CPU
		{A521530F-0201-49B9-81F4-F30F9B39BA3C}.Release|Any CPU.ActiveCfg = Release|Any CPU
		{A521530F-0201-49B9-81F4-F30F9B39BA3C}.Release|Any CPU.Build.0 = Release|Any CPU
		{52752789-904F-4C97-A5A7-7185D93BFE51}.Debug|Any CPU.ActiveCfg = Debug|Any CPU
		{52752789-904F-4C97-A5A7-7185D93BFE51}.Debug|Any CPU.Build.0 = Debug|Any CPU
		{52752789-904F-4C97-A5A7-7185D93BFE51}.Release|Any CPU.ActiveCfg = Release|Any CPU
		{52752789-904F-4C97-A5A7-7185D93BFE51}.Release|Any CPU.Build.0 = Release|Any CPU
	EndGlobalSection
	GlobalSection(SolutionProperties) = preSolution
		HideSolutionNode = FALSE
	EndGlobalSection
	GlobalSection(ExtensibilityGlobals) = postSolution
		SolutionGuid = {12BAA94E-8D90-433B-9A5E-D60CAE9BC6B7}
	EndGlobalSection
EndGlobal
